
Microsoft Visual Studio Solution File, Format Version 12.00
# Visual Studio Version 18
VisualStudioVersion = 18.8.12021.73
MinimumVisualStudioVersion = 10.0.40219.1
Project("{FAE04EC0-301F-11D3-BF4B-00C04F79EFBC}") = "KuyumcuStokTakip", "KuyumcuStokTakip\KuyumcuStokTakip.csproj", "{7B01AF3E-8BA1-4E80-8173-F3D7E8C44BBB}"
EndProject
Global
	GlobalSection(SolutionConfigurationPlatforms) = preSolution
		Debug|Any CPU = Debug|Any CPU
		Release|Any CPU = Release|Any CPU
	EndGlobalSection
	GlobalSection(ProjectConfigurationPlatforms) = postSolution
		{7B01AF3E-8BA1-4E80-8173-F3D7E8C44BBB}.Debug|Any CPU.ActiveCfg = Debug|Any CPU
		{7B01AF3E-8BA1-4E80-8173-F3D7E8C44BBB}.Debug|Any CPU.Build.0 = Debug|Any CPU
		{7B01AF3E-8BA1-4E80-8173-F3D7E8C44BBB}.Release|Any CPU.ActiveCfg = Release|Any CPU
		{7B01AF3E-8BA1-4E80-8173-F3D7E8C44BBB}.Release|Any CPU.Build.0 = Release|Any CPU
	EndGlobalSection
	GlobalSection(SolutionProperties) = preSolution
		HideSolutionNode = FALSE
	EndGlobalSection
	GlobalSection(ExtensibilityGlobals) = postSolution
		SolutionGuid = {C8E4D569-464B-4605-85B5-9A60ADC7CB73}
	EndGlobalSection
EndGlobal
